{
  "name": "json-colorizer",
  "version": "3.0.0",
  "lockfileVersion": 3,
  "requires": true,
  "packages": {
    "": {
      "name": "json-colorizer",
      "version": "3.0.0",
      "license": "MIT",
      "dependencies": {
        "json-lexer": "^1.2.0"
      },
      "devDependencies": {
        "typescript": "^5.4.5"
      }
    },
    "node_modules/json-lexer": {
      "version": "1.2.0",
      "resolved": "https://registry.npmjs.org/json-lexer/-/json-lexer-1.2.0.tgz",
      "integrity": "sha512-7otpx5UPFeSELoF8nkZPHCfywg86wOsJV0WNOaysuO7mfWj1QFp2vlqESRRCeJKBXr+tqDgHh4HgqUFKTLcifQ=="
    },
    "node_modules/typescript": {
      "version": "5.4.5",
      "resolved": "https://registry.npmjs.org/typescript/-/typescript-5.4.5.tgz",
      "integrity": "sha512-vcI4UpRgg81oIRUFwR0WSIHKt11nJ7SAVlYNIu+QpqeyXP+gpQJy/Z4+F0aGxSE4MqwjyXvW/TzgkLAx2AGHwQ==",
      "dev": true,
      "bin": {
        "tsc": "bin/tsc",
        "tsserver": "bin/tsserver"
      },
      "engines": {
        "node": ">=14.17"
      }
    }
  }
}
